
Microsoft Visual Studio Solution File, Format Version 12.00
# Visual Studio Version 17
VisualStudioVersion = 17.11.35312.102
MinimumVisualStudioVersion = 10.0.40219.1
Project("{FAE04EC0-301F-11D3-BF4B-00C04F79EFBC}") = "MyfFirstApp", "MyfFirstApp\MyfFirstApp.csproj", "{D879F500-680B-45B1-9068-63D71229EB7C}"
EndProject
Global
	GlobalSection(SolutionConfigurationPlatforms) = preSolution
		Debug|Any CPU = Debug|Any CPU
		Release|Any CPU = Release|Any CPU
	EndGlobalSection
	GlobalSection(ProjectConfigurationPlatforms) = postSolution
		{D879F500-680B-45B1-9068-63D71229EB7C}.Debug|Any CPU.ActiveCfg = Debug|Any CPU
		{D879F500-680B-45B1-9068-63D71229EB7C}.Debug|Any CPU.Build.0 = Debug|Any CPU
		{D879F500-680B-45B1-9068-63D71229EB7C}.Release|Any CPU.ActiveCfg = Release|Any CPU
		{D879F500-680B-45B1-9068-63D71229EB7C}.Release|Any CPU.Build.0 = Release|Any CPU
	EndGlobalSection
	GlobalSection(SolutionProperties) = preSolution
		HideSolutionNode = FALSE
	EndGlobalSection
	GlobalSection(ExtensibilityGlobals) = postSolution
		SolutionGuid = {32F90B0C-1A46-47A2-B0FA-5B95D0348C40}
	EndGlobalSection
EndGlobal
